
Microsoft Visual Studio Solution File, Format Version 12.00
# Visual Studio Version 17
VisualStudioVersion = 17.7.34221.43
MinimumVisualStudioVersion = 10.0.40219.1
Project("{FAE04EC0-301F-11D3-BF4B-00C04F79EFBC}") = "eShop", "eShop\eShop.csproj", "{84B0C6DD-5862-40A9-96C6-1AA9B04D4D28}"
EndProject
Project("{FAE04EC0-301F-11D3-BF4B-00C04F79EFBC}") = "eShop.Business", "BusinessLogic\eShop.Business.csproj", "{E1CD0FE7-5650-45C5-B4A1-17E3CE904E08}"
EndProject
Project("{FAE04EC0-301F-11D3-BF4B-00C04F79EFBC}") = "eShop.Repository", "Repository\eShop.Repository.csproj", "{5B105437-A2DF-4CD0-A0B5-D841BFB6A18E}"
EndProject
Project("{FAE04EC0-301F-11D3-BF4B-00C04F79EFBC}") = "eShop.Domain", "DomainModel\eShop.Domain.csproj", "{FCB72AED-4E1E-483D-B86E-4C0A2AAEA3F8}"
EndProject
Global
	GlobalSection(SolutionConfigurationPlatforms) = preSolution
		Debug|Any CPU = Debug|Any CPU
		Release|Any CPU = Release|Any CPU
	EndGlobalSection
	GlobalSection(ProjectConfigurationPlatforms) = postSolution
		{84B0C6DD-5862-40A9-96C6-1AA9B04D4D28}.Debug|Any CPU.ActiveCfg = Debug|Any CPU
		{84B0C6DD-5862-40A9-96C6-1AA9B04D4D28}.Debug|Any CPU.Build.0 = Debug|Any CPU
		{84B0C6DD-5862-40A9-96C6-1AA9B04D4D28}.Release|Any CPU.ActiveCfg = Release|Any CPU
		{84B0C6DD-5862-40A9-96C6-1AA9B04D4D28}.Release|Any CPU.Build.0 = Release|Any CPU
		{E1CD0FE7-5650-45C5-B4A1-17E3CE904E08}.Debug|Any CPU.ActiveCfg = Debug|Any CPU
		{E1CD0FE7-5650-45C5-B4A1-17E3CE904E08}.Debug|Any CPU.Build.0 = Debug|Any CPU
		{E1CD0FE7-5650-45C5-B4A1-17E3CE904E08}.Release|Any CPU.ActiveCfg = Release|Any CPU
		{E1CD0FE7-5650-45C5-B4A1-17E3CE904E08}.Release|Any CPU.Build.0 = Release|Any CPU
		{5B105437-A2DF-4CD0-A0B5-D841BFB6A18E}.Debug|Any CPU.ActiveCfg = Debug|Any CPU
		{5B105437-A2DF-4CD0-A0B5-D841BFB6A18E}.Debug|Any CPU.Build.0 = Debug|Any CPU
		{5B105437-A2DF-4CD0-A0B5-D841BFB6A18E}.Release|Any CPU.ActiveCfg = Release|Any CPU
		{5B105437-A2DF-4CD0-A0B5-D841BFB6A18E}.Release|Any CPU.Build.0 = Release|Any CPU
		{FCB72AED-4E1E-483D-B86E-4C0A2AAEA3F8}.Debug|Any CPU.ActiveCfg = Debug|Any CPU
		{FCB72AED-4E1E-483D-B86E-4C0A2AAEA3F8}.Debug|Any CPU.Build.0 = Debug|Any CPU
		{FCB72AED-4E1E-483D-B86E-4C0A2AAEA3F8}.Release|Any CPU.ActiveCfg = Release|Any CPU
		{FCB72AED-4E1E-483D-B86E-4C0A2AAEA3F8}.Release|Any CPU.Build.0 = Release|Any CPU
	EndGlobalSection
	GlobalSection(SolutionProperties) = preSolution
		HideSolutionNode = FALSE
	EndGlobalSection
	GlobalSection(ExtensibilityGlobals) = postSolution
		SolutionGuid = {DD2CE177-4B01-48F9-B6A2-4B2061ABA69E}
	EndGlobalSection
EndGlobal
